
Microsoft Visual Studio Solution File, Format Version 12.00
# Visual Studio Version 16
VisualStudioVersion = 16.0.30128.74
MinimumVisualStudioVersion = 10.0.40219.1
Project("{FAE04EC0-301F-11D3-BF4B-00C04F79EFBC}") = "GraphCycles", "GraphCycles\GraphCycles.csproj", "{F5A0747C-6804-44BD-B4F0-4268FCDF7883}"
EndProject
Global
	GlobalSection(SolutionConfigurationPlatforms) = preSolution
		Debug|Any CPU = Debug|Any CPU
		Release|Any CPU = Release|Any CPU
	EndGlobalSection
	GlobalSection(ProjectConfigurationPlatforms) = postSolution
		{F5A0747C-6804-44BD-B4F0-4268FCDF7883}.Debug|Any CPU.ActiveCfg = Debug|Any CPU
		{F5A0747C-6804-44BD-B4F0-4268FCDF7883}.Debug|Any CPU.Build.0 = Debug|Any CPU
		{F5A0747C-6804-44BD-B4F0-4268FCDF7883}.Release|Any CPU.ActiveCfg = Release|Any CPU
		{F5A0747C-6804-44BD-B4F0-4268FCDF7883}.Release|Any CPU.Build.0 = Release|Any CPU
	EndGlobalSection
	GlobalSection(SolutionProperties) = preSolution
		HideSolutionNode = FALSE
	EndGlobalSection
	GlobalSection(ExtensibilityGlobals) = postSolution
		SolutionGuid = {BF35D15B-F58F-44FB-81D4-D167C5AA30A3}
	EndGlobalSection
EndGlobal
